Microsoft Visual Studio Solution File, Format Version 11.00
# Visual Studio 2008

Project("{F76E0601-AA8F-A1A1-8013-ADB6F79D7173}") = "ApocalypseJam", "Assembly-CSharp.csproj", "{F4732E46-9EE7-EEC0-BC86-AC418259C6F8}"
EndProject
Global
	GlobalSection(SolutionConfigurationPlatforms) = preSolution
		Debug|Any CPU = Debug|Any CPU
		Release|Any CPU = Release|Any CPU
	EndGlobalSection
	GlobalSection(ProjectConfigurationPlatforms) = postSolution
		{F4732E46-9EE7-EEC0-BC86-AC418259C6F8}.Debug|Any CPU.ActiveCfg = Debug|Any CPU
		{F4732E46-9EE7-EEC0-BC86-AC418259C6F8}.Debug|Any CPU.Build.0 = Debug|Any CPU
		{F4732E46-9EE7-EEC0-BC86-AC418259C6F8}.Release|Any CPU.ActiveCfg = Release|Any CPU
		{F4732E46-9EE7-EEC0-BC86-AC418259C6F8}.Release|Any CPU.Build.0 = Release|Any CPU
	EndGlobalSection
	GlobalSection(SolutionProperties) = preSolution
		HideSolutionNode = FALSE
	EndGlobalSection
	GlobalSection(MonoDevelopProperties) = preSolution
		StartupItem = Assembly-CSharp.csproj
	EndGlobalSection
EndGlobal
